{
  "name": "@hypfer/expresse",
  "version": "3.0.0",
  "lockfileVersion": 2,
  "requires": true,
  "packages": {
    "": {
      "name": "@hypfer/expresse",
      "version": "3.0.0",
      "license": "MIT",
      "dependencies": {
        "compose-middleware": "^4.0.0"
      },
      "devDependencies": {},
      "peerDependencies": {
        "express": ">=4.0.0"
      }
    },
    "node_modules/@types/debug": {
      "version": "0.0.29",
      "license": "MIT"
    },
    "node_modules/accepts": {
      "version": "1.3.4",
      "license": "MIT",
      "peer": true,
      "dependencies": {
        "mime-types": "~2.1.16",
        "negotiator": "0.6.1"
      },
      "engines": {
        "node": ">= 0.6"
      }
    },
    "node_modules/array-flatten": {
      "version": "1.1.1",
      "license": "MIT",
      "peer": true
    },
    "node_modules/body-parser": {
      "version": "1.18.2",
      "license": "MIT",
      "peer": true,
      "dependencies": {
        "bytes": "3.0.0",
        "content-type": "~1.0.4",
        "debug": "2.6.9",
        "depd": "~1.1.1",
        "http-errors": "~1.6.2",
        "iconv-lite": "0.4.19",
        "on-finished": "~2.3.0",
        "qs": "6.5.1",
        "raw-body": "2.3.2",
        "type-is": "~1.6.15"
      },
      "engines": {
        "node": ">= 0.8"
      }
    },
    "node_modules/bytes": {
      "version": "3.0.0",
      "license": "MIT",
      "peer": true,
      "engines": {
        "node": ">= 0.8"
      }
    },
    "node_modules/compose-middleware": {
      "version": "4.0.0",
      "license": "MIT",
      "dependencies": {
        "@types/debug": "0.0.29",
        "array-flatten": "^2.1.0",
        "debug": "^3.1.0"
      }
    },
    "node_modules/compose-middleware/node_modules/array-flatten": {
      "version": "2.1.1",
      "license": "MIT"
    },
    "node_modules/compose-middleware/node_modules/debug": {
      "version": "3.1.0",
      "license": "MIT",
      "dependencies": {
        "ms": "2.0.0"
      }
    },
    "node_modules/content-disposition": {
      "version": "0.5.2",
      "license": "MIT",
      "peer": true,
      "engines": {
        "node": ">= 0.6"
      }
    },
    "node_modules/content-type": {
      "version": "1.0.4",
      "license": "MIT",
      "peer": true,
      "engines": {
        "node": ">= 0.6"
      }
    },
    "node_modules/cookie": {
      "version": "0.3.1",
      "license": "MIT",
      "peer": true,
      "engines": {
        "node": ">= 0.6"
      }
    },
    "node_modules/cookie-signature": {
      "version": "1.0.6",
      "license": "MIT",
      "peer": true
    },
    "node_modules/debug": {
      "version": "2.6.9",
      "license": "MIT",
      "peer": true,
      "dependencies": {
        "ms": "2.0.0"
      }
    },
    "node_modules/depd": {
      "version": "1.1.2",
      "license": "MIT",
      "peer": true,
      "engines": {
        "node": ">= 0.6"
      }
    },
    "node_modules/destroy": {
      "version": "1.0.4",
      "license": "MIT",
      "peer": true
    },
    "node_modules/ee-first": {
      "version": "1.1.1",
      "license": "MIT",
      "peer": true
    },
    "node_modules/encodeurl": {
      "version": "1.0.2",
      "license": "MIT",
      "peer": true,
      "engines": {
        "node": ">= 0.8"
      }
    },
    "node_modules/escape-html": {
      "version": "1.0.3",
      "license": "MIT",
      "peer": true
    },
    "node_modules/etag": {
      "version": "1.8.1",
      "license": "MIT",
      "peer": true,
      "engines": {
        "node": ">= 0.6"
      }
    },
    "node_modules/express": {
      "version": "4.16.2",
      "license": "MIT",
      "peer": true,
      "dependencies": {
        "accepts": "~1.3.4",
        "array-flatten": "1.1.1",
        "body-parser": "1.18.2",
        "content-disposition": "0.5.2",
        "content-type": "~1.0.4",
        "cookie": "0.3.1",
        "cookie-signature": "1.0.6",
        "debug": "2.6.9",
        "depd": "~1.1.1",
        "encodeurl": "~1.0.1",
        "escape-html": "~1.0.3",
        "etag": "~1.8.1",
        "finalhandler": "1.1.0",
        "fresh": "0.5.2",
        "merge-descriptors": "1.0.1",
        "methods": "~1.1.2",
        "on-finished": "~2.3.0",
        "parseurl": "~1.3.2",
        "path-to-regexp": "0.1.7",
        "proxy-addr": "~2.0.2",
        "qs": "6.5.1",
        "range-parser": "~1.2.0",
        "safe-buffer": "5.1.1",
        "send": "0.16.1",
        "serve-static": "1.13.1",
        "setprototypeof": "1.1.0",
        "statuses": "~1.3.1",
        "type-is": "~1.6.15",
        "utils-merge": "1.0.1",
        "vary": "~1.1.2"
      },
      "engines": {
        "node": ">= 0.10.0"
      }
    },
    "node_modules/finalhandler": {
      "version": "1.1.0",
      "license": "MIT",
      "peer": true,
      "dependencies": {
        "debug": "2.6.9",
        "encodeurl": "~1.0.1",
        "escape-html": "~1.0.3",
        "on-finished": "~2.3.0",
        "parseurl": "~1.3.2",
        "statuses": "~1.3.1",
        "unpipe": "~1.0.0"
      },
      "engines": {
        "node": ">= 0.8"
      }
    },
    "node_modules/forwarded": {
      "version": "0.1.2",
      "license": "MIT",
      "peer": true,
      "engines": {
        "node": ">= 0.6"
      }
    },
    "node_modules/fresh": {
      "version": "0.5.2",
      "license": "MIT",
      "peer": true,
      "engines": {
        "node": ">= 0.6"
      }
    },
    "node_modules/http-errors": {
      "version": "1.6.2",
      "license": "MIT",
      "peer": true,
      "dependencies": {
        "depd": "1.1.1",
        "inherits": "2.0.3",
        "setprototypeof": "1.0.3",
        "statuses": ">= 1.3.1 < 2"
      },
      "engines": {
        "node": ">= 0.6"
      }
    },
    "node_modules/http-errors/node_modules/depd": {
      "version": "1.1.1",
      "license": "MIT",
      "peer": true,
      "engines": {
        "node": ">= 0.6"
      }
    },
    "node_modules/http-errors/node_modules/setprototypeof": {
      "version": "1.0.3",
      "license": "ISC",
      "peer": true
    },
    "node_modules/http-errors/node_modules/statuses": {
      "version": "1.4.0",
      "license": "MIT",
      "peer": true,
      "engines": {
        "node": ">= 0.6"
      }
    },
    "node_modules/iconv-lite": {
      "version": "0.4.19",
      "license": "MIT",
      "peer": true,
      "engines": {
        "node": ">=0.10.0"
      }
    },
    "node_modules/inherits": {
      "version": "2.0.3",
      "license": "ISC",
      "peer": true
    },
    "node_modules/ipaddr.js": {
      "version": "1.5.2",
      "license": "MIT",
      "peer": true,
      "engines": {
        "node": ">= 0.10"
      }
    },
    "node_modules/media-typer": {
      "version": "0.3.0",
      "license": "MIT",
      "peer": true,
      "engines": {
        "node": ">= 0.6"
      }
    },
    "node_modules/merge-descriptors": {
      "version": "1.0.1",
      "license": "MIT",
      "peer": true
    },
    "node_modules/methods": {
      "version": "1.1.2",
      "license": "MIT",
      "peer": true,
      "engines": {
        "node": ">= 0.6"
      }
    },
    "node_modules/mime": {
      "version": "1.4.1",
      "license": "MIT",
      "peer": true,
      "bin": {
        "mime": "cli.js"
      }
    },
    "node_modules/mime-db": {
      "version": "1.30.0",
      "license": "MIT",
      "peer": true,
      "engines": {
        "node": ">= 0.6"
      }
    },
    "node_modules/mime-types": {
      "version": "2.1.17",
      "license": "MIT",
      "peer": true,
      "dependencies": {
        "mime-db": "~1.30.0"
      },
      "engines": {
        "node": ">= 0.6"
      }
    },
    "node_modules/ms": {
      "version": "2.0.0",
      "license": "MIT"
    },
    "node_modules/negotiator": {
      "version": "0.6.1",
      "license": "MIT",
      "peer": true,
      "engines": {
        "node": ">= 0.6"
      }
    },
    "node_modules/on-finished": {
      "version": "2.3.0",
      "license": "MIT",
      "peer": true,
      "dependencies": {
        "ee-first": "1.1.1"
      },
      "engines": {
        "node": ">= 0.8"
      }
    },
    "node_modules/parseurl": {
      "version": "1.3.2",
      "license": "MIT",
      "peer": true,
      "engines": {
        "node": ">= 0.8"
      }
    },
    "node_modules/path-to-regexp": {
      "version": "0.1.7",
      "license": "MIT",
      "peer": true
    },
    "node_modules/proxy-addr": {
      "version": "2.0.2",
      "license": "MIT",
      "peer": true,
      "dependencies": {
        "forwarded": "~0.1.2",
        "ipaddr.js": "1.5.2"
      },
      "engines": {
        "node": ">= 0.10"
      }
    },
    "node_modules/qs": {
      "version": "6.5.1",
      "license": "BSD-3-Clause",
      "peer": true,
      "engines": {
        "node": ">=0.6"
      }
    },
    "node_modules/range-parser": {
      "version": "1.2.0",
      "license": "MIT",
      "peer": true,
      "engines": {
        "node": ">= 0.6"
      }
    },
    "node_modules/raw-body": {
      "version": "2.3.2",
      "license": "MIT",
      "peer": true,
      "dependencies": {
        "bytes": "3.0.0",
        "http-errors": "1.6.2",
        "iconv-lite": "0.4.19",
        "unpipe": "1.0.0"
      },
      "engines": {
        "node": ">= 0.8"
      }
    },
    "node_modules/safe-buffer": {
      "version": "5.1.1",
      "license": "MIT",
      "peer": true
    },
    "node_modules/send": {
      "version": "0.16.1",
      "license": "MIT",
      "peer": true,
      "dependencies": {
        "debug": "2.6.9",
        "depd": "~1.1.1",
        "destroy": "~1.0.4",
        "encodeurl": "~1.0.1",
        "escape-html": "~1.0.3",
        "etag": "~1.8.1",
        "fresh": "0.5.2",
        "http-errors": "~1.6.2",
        "mime": "1.4.1",
        "ms": "2.0.0",
        "on-finished": "~2.3.0",
        "range-parser": "~1.2.0",
        "statuses": "~1.3.1"
      },
      "engines": {
        "node": ">= 0.8.0"
      }
    },
    "node_modules/serve-static": {
      "version": "1.13.1",
      "license": "MIT",
      "peer": true,
      "dependencies": {
        "encodeurl": "~1.0.1",
        "escape-html": "~1.0.3",
        "parseurl": "~1.3.2",
        "send": "0.16.1"
      },
      "engines": {
        "node": ">= 0.8.0"
      }
    },
    "node_modules/setprototypeof": {
      "version": "1.1.0",
      "license": "ISC",
      "peer": true
    },
    "node_modules/statuses": {
      "version": "1.3.1",
      "license": "MIT",
      "peer": true,
      "engines": {
        "node": ">= 0.6"
      }
    },
    "node_modules/type-is": {
      "version": "1.6.15",
      "license": "MIT",
      "peer": true,
      "dependencies": {
        "media-typer": "0.3.0",
        "mime-types": "~2.1.15"
      },
      "engines": {
        "node": ">= 0.6"
      }
    },
    "node_modules/unpipe": {
      "version": "1.0.0",
      "license": "MIT",
      "peer": true,
      "engines": {
        "node": ">= 0.8"
      }
    },
    "node_modules/utils-merge": {
      "version": "1.0.1",
      "license": "MIT",
      "peer": true,
      "engines": {
        "node": ">= 0.4.0"
      }
    },
    "node_modules/vary": {
      "version": "1.1.2",
      "license": "MIT",
      "peer": true,
      "engines": {
        "node": ">= 0.8"
      }
    }
  },
  "dependencies": {
    "@types/debug": {
      "version": "0.0.29"
    },
    "accepts": {
      "version": "1.3.4",
      "peer": true,
      "requires": {
        "mime-types": "~2.1.16",
        "negotiator": "0.6.1"
      }
    },
    "array-flatten": {
      "version": "1.1.1",
      "peer": true
    },
    "body-parser": {
      "version": "1.18.2",
      "peer": true,
      "requires": {
        "bytes": "3.0.0",
        "content-type": "~1.0.4",
        "debug": "2.6.9",
        "depd": "~1.1.1",
        "http-errors": "~1.6.2",
        "iconv-lite": "0.4.19",
        "on-finished": "~2.3.0",
        "qs": "6.5.1",
        "raw-body": "2.3.2",
        "type-is": "~1.6.15"
      }
    },
    "bytes": {
      "version": "3.0.0",
      "peer": true
    },
    "compose-middleware": {
      "version": "4.0.0",
      "requires": {
        "@types/debug": "0.0.29",
        "array-flatten": "^2.1.0",
        "debug": "^3.1.0"
      },
      "dependencies": {
        "array-flatten": {
          "version": "2.1.1"
        },
        "debug": {
          "version": "3.1.0",
          "requires": {
            "ms": "2.0.0"
          }
        }
      }
    },
    "content-disposition": {
      "version": "0.5.2",
      "peer": true
    },
    "content-type": {
      "version": "1.0.4",
      "peer": true
    },
    "cookie": {
      "version": "0.3.1",
      "peer": true
    },
    "cookie-signature": {
      "version": "1.0.6",
      "peer": true
    },
    "debug": {
      "version": "2.6.9",
      "peer": true,
      "requires": {
        "ms": "2.0.0"
      }
    },
    "depd": {
      "version": "1.1.2",
      "peer": true
    },
    "destroy": {
      "version": "1.0.4",
      "peer": true
    },
    "ee-first": {
      "version": "1.1.1",
      "peer": true
    },
    "encodeurl": {
      "version": "1.0.2",
      "peer": true
    },
    "escape-html": {
      "version": "1.0.3",
      "peer": true
    },
    "etag": {
      "version": "1.8.1",
      "peer": true
    },
    "express": {
      "version": "4.16.2",
      "peer": true,
      "requires": {
        "accepts": "~1.3.4",
        "array-flatten": "1.1.1",
        "body-parser": "1.18.2",
        "content-disposition": "0.5.2",
        "content-type": "~1.0.4",
        "cookie": "0.3.1",
        "cookie-signature": "1.0.6",
        "debug": "2.6.9",
        "depd": "~1.1.1",
        "encodeurl": "~1.0.1",
        "escape-html": "~1.0.3",
        "etag": "~1.8.1",
        "finalhandler": "1.1.0",
        "fresh": "0.5.2",
        "merge-descriptors": "1.0.1",
        "methods": "~1.1.2",
        "on-finished": "~2.3.0",
        "parseurl": "~1.3.2",
        "path-to-regexp": "0.1.7",
        "proxy-addr": "~2.0.2",
        "qs": "6.5.1",
        "range-parser": "~1.2.0",
        "safe-buffer": "5.1.1",
        "send": "0.16.1",
        "serve-static": "1.13.1",
        "setprototypeof": "1.1.0",
        "statuses": "~1.3.1",
        "type-is": "~1.6.15",
        "utils-merge": "1.0.1",
        "vary": "~1.1.2"
      }
    },
    "finalhandler": {
      "version": "1.1.0",
      "peer": true,
      "requires": {
        "debug": "2.6.9",
        "encodeurl": "~1.0.1",
        "escape-html": "~1.0.3",
        "on-finished": "~2.3.0",
        "parseurl": "~1.3.2",
        "statuses": "~1.3.1",
        "unpipe": "~1.0.0"
      }
    },
    "forwarded": {
      "version": "0.1.2",
      "peer": true
    },
    "fresh": {
      "version": "0.5.2",
      "peer": true
    },
    "http-errors": {
      "version": "1.6.2",
      "peer": true,
      "requires": {
        "depd": "1.1.1",
        "inherits": "2.0.3",
        "setprototypeof": "1.0.3",
        "statuses": ">= 1.3.1 < 2"
      },
      "dependencies": {
        "depd": {
          "version": "1.1.1",
          "peer": true
        },
        "setprototypeof": {
          "version": "1.0.3",
          "peer": true
        },
        "statuses": {
          "version": "1.4.0",
          "peer": true
        }
      }
    },
    "iconv-lite": {
      "version": "0.4.19",
      "peer": true
    },
    "inherits": {
      "version": "2.0.3",
      "peer": true
    },
    "ipaddr.js": {
      "version": "1.5.2",
      "peer": true
    },
    "media-typer": {
      "version": "0.3.0",
      "peer": true
    },
    "merge-descriptors": {
      "version": "1.0.1",
      "peer": true
    },
    "methods": {
      "version": "1.1.2",
      "peer": true
    },
    "mime": {
      "version": "1.4.1",
      "peer": true
    },
    "mime-db": {
      "version": "1.30.0",
      "peer": true
    },
    "mime-types": {
      "version": "2.1.17",
      "peer": true,
      "requires": {
        "mime-db": "~1.30.0"
      }
    },
    "ms": {
      "version": "2.0.0"
    },
    "negotiator": {
      "version": "0.6.1",
      "peer": true
    },
    "on-finished": {
      "version": "2.3.0",
      "peer": true,
      "requires": {
        "ee-first": "1.1.1"
      }
    },
    "parseurl": {
      "version": "1.3.2",
      "peer": true
    },
    "path-to-regexp": {
      "version": "0.1.7",
      "peer": true
    },
    "proxy-addr": {
      "version": "2.0.2",
      "peer": true,
      "requires": {
        "forwarded": "~0.1.2",
        "ipaddr.js": "1.5.2"
      }
    },
    "qs": {
      "version": "6.5.1",
      "peer": true
    },
    "range-parser": {
      "version": "1.2.0",
      "peer": true
    },
    "raw-body": {
      "version": "2.3.2",
      "peer": true,
      "requires": {
        "bytes": "3.0.0",
        "http-errors": "1.6.2",
        "iconv-lite": "0.4.19",
        "unpipe": "1.0.0"
      }
    },
    "safe-buffer": {
      "version": "5.1.1",
      "peer": true
    },
    "send": {
      "version": "0.16.1",
      "peer": true,
      "requires": {
        "debug": "2.6.9",
        "depd": "~1.1.1",
        "destroy": "~1.0.4",
        "encodeurl": "~1.0.1",
        "escape-html": "~1.0.3",
        "etag": "~1.8.1",
        "fresh": "0.5.2",
        "http-errors": "~1.6.2",
        "mime": "1.4.1",
        "ms": "2.0.0",
        "on-finished": "~2.3.0",
        "range-parser": "~1.2.0",
        "statuses": "~1.3.1"
      }
    },
    "serve-static": {
      "version": "1.13.1",
      "peer": true,
      "requires": {
        "encodeurl": "~1.0.1",
        "escape-html": "~1.0.3",
        "parseurl": "~1.3.2",
        "send": "0.16.1"
      }
    },
    "setprototypeof": {
      "version": "1.1.0",
      "peer": true
    },
    "statuses": {
      "version": "1.3.1",
      "peer": true
    },
    "type-is": {
      "version": "1.6.15",
      "peer": true,
      "requires": {
        "media-typer": "0.3.0",
        "mime-types": "~2.1.15"
      }
    },
    "unpipe": {
      "version": "1.0.0",
      "peer": true
    },
    "utils-merge": {
      "version": "1.0.1",
      "peer": true
    },
    "vary": {
      "version": "1.1.2",
      "peer": true
    }
  }
}
